{
  "version": 4,
  "terraform_version": "1.5.7",
  "serial": 36,
  "lineage": "9906ffdf-4f36-ffcd-2d78-e976ce64c3c0",
  "outputs": {
    "subnet_link": {
      "value": "https://www.googleapis.com/compute/v1/projects/earnest-cosmos-423509-i8/regions/us-central1/subnetworks/test-subnetwork",
      "type": "string"
    },
    "vpc_link": {
      "value": "https://www.googleapis.com/compute/v1/projects/earnest-cosmos-423509-i8/global/networks/vpc-network",
      "type": "string"
    }
  },
  "resources": [
    {
      "mode": "managed",
      "type": "google_compute_firewall",
      "name": "rules",
      "provider": "provider[\"registry.terraform.io/hashicorp/google\"]",
      "instances": [
        {
          "schema_version": 1,
          "attributes": {
            "allow": [
              {
                "ports": [
                  "22"
                ],
                "protocol": "tcp"
              }
            ],
            "creation_timestamp": "2024-05-20T04:57:58.750-07:00",
            "deny": [],
            "description": "Creates firewall rule targeting tagged instances",
            "destination_ranges": [],
            "direction": "INGRESS",
            "disabled": false,
            "enable_logging": null,
            "id": "projects/earnest-cosmos-423509-i8/global/firewalls/my-firewall-rule",
            "log_config": [],
            "name": "my-firewall-rule",
            "network": "https://www.googleapis.com/compute/v1/projects/earnest-cosmos-423509-i8/global/networks/default",
            "priority": 1000,
            "project": "earnest-cosmos-423509-i8",
            "self_link": "https://www.googleapis.com/compute/v1/projects/earnest-cosmos-423509-i8/global/firewalls/my-firewall-rule",
            "source_ranges": null,
            "source_service_accounts": null,
            "source_tags": [
              "foo"
            ],
            "target_service_accounts": null,
            "target_tags": [
              "web"
            ],
            "timeouts": null
          },
          "sensitive_attributes": [],
          "private": "eyJlMmJmYjczMC1lY2FhLTExZTYtOGY4OC0zNDM2M2JjN2M0YzAiOnsiY3JlYXRlIjoxMjAwMDAwMDAwMDAwLCJkZWxldGUiOjEyMDAwMDAwMDAwMDAsInVwZGF0ZSI6MTIwMDAwMDAwMDAwMH0sInNjaGVtYV92ZXJzaW9uIjoiMSJ9"
        }
      ]
    },
    {
      "mode": "managed",
      "type": "google_compute_network",
      "name": "vpc_network",
      "provider": "provider[\"registry.terraform.io/hashicorp/google\"]",
      "instances": [
        {
          "schema_version": 0,
          "attributes": {
            "auto_create_subnetworks": false,
            "delete_default_routes_on_create": false,
            "description": "",
            "enable_ula_internal_ipv6": false,
            "gateway_ipv4": "",
            "id": "projects/earnest-cosmos-423509-i8/global/networks/vpc-network",
            "internal_ipv6_range": "",
            "mtu": 0,
            "name": "vpc-network",
            "network_firewall_policy_enforcement_order": "AFTER_CLASSIC_FIREWALL",
            "numeric_id": "3438980493102973993",
            "project": "earnest-cosmos-423509-i8",
            "routing_mode": "REGIONAL",
            "self_link": "https://www.googleapis.com/compute/v1/projects/earnest-cosmos-423509-i8/global/networks/vpc-network",
            "timeouts": null
          },
          "sensitive_attributes": [],
          "private": "eyJlMmJmYjczMC1lY2FhLTExZTYtOGY4OC0zNDM2M2JjN2M0YzAiOnsiY3JlYXRlIjoxMjAwMDAwMDAwMDAwLCJkZWxldGUiOjEyMDAwMDAwMDAwMDAsInVwZGF0ZSI6MTIwMDAwMDAwMDAwMH19"
        }
      ]
    },
    {
      "mode": "managed",
      "type": "google_compute_subnetwork",
      "name": "subnet",
      "provider": "provider[\"registry.terraform.io/hashicorp/google\"]",
      "instances": [
        {
          "schema_version": 0,
          "attributes": {
            "creation_timestamp": "2024-05-20T04:58:12.102-07:00",
            "description": "",
            "external_ipv6_prefix": "",
            "fingerprint": null,
            "gateway_address": "10.2.0.1",
            "id": "projects/earnest-cosmos-423509-i8/regions/us-central1/subnetworks/test-subnetwork",
            "internal_ipv6_prefix": "",
            "ip_cidr_range": "10.2.0.0/16",
            "ipv6_access_type": "",
            "ipv6_cidr_range": "",
            "log_config": [],
            "name": "test-subnetwork",
            "network": "https://www.googleapis.com/compute/v1/projects/earnest-cosmos-423509-i8/global/networks/vpc-network",
            "private_ip_google_access": false,
            "private_ipv6_google_access": "DISABLE_GOOGLE_ACCESS",
            "project": "earnest-cosmos-423509-i8",
            "purpose": "PRIVATE",
            "region": "us-central1",
            "role": "",
            "secondary_ip_range": [],
            "self_link": "https://www.googleapis.com/compute/v1/projects/earnest-cosmos-423509-i8/regions/us-central1/subnetworks/test-subnetwork",
            "stack_type": "IPV4_ONLY",
            "timeouts": null
          },
          "sensitive_attributes": [],
          "private": "eyJlMmJmYjczMC1lY2FhLTExZTYtOGY4OC0zNDM2M2JjN2M0YzAiOnsiY3JlYXRlIjoxMjAwMDAwMDAwMDAwLCJkZWxldGUiOjEyMDAwMDAwMDAwMDAsInVwZGF0ZSI6MTIwMDAwMDAwMDAwMH19",
          "dependencies": [
            "google_compute_network.vpc_network"
          ]
        }
      ]
    }
  ],
  "check_results": null
}
